# THIS IS AN AUTOGENERATED FILE. DO NOT EDIT THIS FILE DIRECTLY.
# yarn lockfile v1


postinstall-postinstall@^2.1.0:
  version "2.1.0"
  resolved "https://registry.yarnpkg.com/postinstall-postinstall/-/postinstall-postinstall-2.1.0.tgz#4f7f77441ef539d1512c40bd04c71b06a4704ca3"
  integrity sha512-7hQX6ZlZXIoRiWNrbMQaLzUUfH+sSx39u8EJ9HYuDc1kLo9IXKWjM5RSquZN1ad5GnH8CGFM78fsAAQi3OKEEQ==

prettier@^3.1.0:
  version "3.3.3"
  resolved "https://registry.yarnpkg.com/prettier/-/prettier-3.3.3.tgz#30c54fe0be0d8d12e6ae61dbb10109ea00d53105"
  integrity sha512-i2tDNA0O5IrMO757lfrdQZCc2jPNDVntV0m/+4whiDfWaTKfMNgR7Qz0NAeGz/nRqF4m5/6CLzbP4/liHt12Ew==

turbo-darwin-64@1.11.3:
  version "1.11.3"
  resolved "https://registry.yarnpkg.com/turbo-darwin-64/-/turbo-darwin-64-1.11.3.tgz#fb51f6fa030ee7a169d383b5f4f7641df6a3bdb8"
  integrity sha512-IsOOg2bVbIt3o/X8Ew9fbQp5t1hTHN3fGNQYrPQwMR2W1kIAC6RfbVD4A9OeibPGyEPUpwOH79hZ9ydFH5kifw==

turbo-darwin-arm64@1.11.3:
  version "1.11.3"
  resolved "https://registry.yarnpkg.com/turbo-darwin-arm64/-/turbo-darwin-arm64-1.11.3.tgz#f936cc7ba5565bd9be1ddc8ef4f15284044a63a5"
  integrity sha512-FsJL7k0SaPbJzI/KCnrf/fi3PgCDCjTliMc/kEFkuWVA6Httc3Q4lxyLIIinz69q6JTx8wzh6yznUMzJRI3+dg==

turbo-linux-64@1.11.3:
  version "1.11.3"
  resolved "https://registry.yarnpkg.com/turbo-linux-64/-/turbo-linux-64-1.11.3.tgz#86f56a91c05eea512a187079f7f7f860d8168be6"
  integrity sha512-SvW7pvTVRGsqtSkII5w+wriZXvxqkluw5FO/MNAdFw0qmoov+PZ237+37/NgArqE3zVn1GX9P6nUx9VO+xcQAg==

turbo-linux-arm64@1.11.3:
  version "1.11.3"
  resolved "https://registry.yarnpkg.com/turbo-linux-arm64/-/turbo-linux-arm64-1.11.3.tgz#0001dab6ded89154e2a5be21e87720daba953056"
  integrity sha512-YhUfBi1deB3m+3M55X458J6B7RsIS7UtM3P1z13cUIhF+pOt65BgnaSnkHLwETidmhRh8Dl3GelaQGrB3RdCDw==

turbo-windows-64@1.11.3:
  version "1.11.3"
  resolved "https://registry.yarnpkg.com/turbo-windows-64/-/turbo-windows-64-1.11.3.tgz#8d03c4fd8a46b81f2aecf60fc9845674c84d15a8"
  integrity sha512-s+vEnuM2TiZuAUUUpmBHDr6vnNbJgj+5JYfnYmVklYs16kXh+EppafYQOAkcRIMAh7GjV3pLq5/uGqc7seZeHA==

turbo-windows-arm64@1.11.3:
  version "1.11.3"
  resolved "https://registry.yarnpkg.com/turbo-windows-arm64/-/turbo-windows-arm64-1.11.3.tgz#cc436d1462f5450e97f985ba6d8d447272bb97db"
  integrity sha512-ZR5z5Zpc7cASwfdRAV5yNScCZBsgGSbcwiA/u3farCacbPiXsfoWUkz28iyrx21/TRW0bi6dbsB2v17swa8bjw==

turbo@1.11.3:
  version "1.11.3"
  resolved "https://registry.yarnpkg.com/turbo/-/turbo-1.11.3.tgz#3bd823043585e1acfe125727bcecd4f91ef2103b"
  integrity sha512-RCJOUFcFMQNIGKSjC9YmA5yVP1qtDiBA0Lv9VIgrXraI5Da1liVvl3VJPsoDNIR9eFMyA/aagx1iyj6UWem5hA==
  optionalDependencies:
    turbo-darwin-64 "1.11.3"
    turbo-darwin-arm64 "1.11.3"
    turbo-linux-64 "1.11.3"
    turbo-linux-arm64 "1.11.3"
    turbo-windows-64 "1.11.3"
    turbo-windows-arm64 "1.11.3"
